Microsoft Visual Studio Solution File, Format Version 12.00
# Visual Studio Version 17
VisualStudioVersion = 17.0.31903.59
MinimumVisualStudioVersion = 10.0.40219.1
Project("{FAE04EC0-301F-11D3-BF4B-00C04F79EFBC}") = "TaskApi", "TaskApi\TaskApi.csproj", "{8B972A04-F8B5-4AC9-8BCF-A59138A86D7A}"
EndProject
Project("{FAE04EC0-301F-11D3-BF4B-00C04F79EFBC}") = "TaskApi.Tests", "TaskApi.Tests\TaskApi.Tests.csproj", "{CC9D1EA8-560A-456F-A53A-C69D4EB660D2}"
EndProject
Global
	GlobalSection(SolutionConfigurationPlatforms) = preSolution
		Debug|Any CPU = Debug|Any CPU
		Release|Any CPU = Release|Any CPU
	EndGlobalSection
	GlobalSection(ProjectConfigurationPlatforms) = postSolution
		{8B972A04-F8B5-4AC9-8BCF-A59138A86D7A}.Debug|Any CPU.ActiveCfg = Debug|Any CPU
		{8B972A04-F8B5-4AC9-8BCF-A59138A86D7A}.Debug|Any CPU.Build.0 = Debug|Any CPU
		{8B972A04-F8B5-4AC9-8BCF-A59138A86D7A}.Release|Any CPU.ActiveCfg = Release|Any CPU
		{8B972A04-F8B5-4AC9-8BCF-A59138A86D7A}.Release|Any CPU.Build.0 = Release|Any CPU
		{CC9D1EA8-560A-456F-A53A-C69D4EB660D2}.Debug|Any CPU.ActiveCfg = Debug|Any CPU
		{CC9D1EA8-560A-456F-A53A-C69D4EB660D2}.Debug|Any CPU.Build.0 = Debug|Any CPU
		{CC9D1EA8-560A-456F-A53A-C69D4EB660D2}.Release|Any CPU.ActiveCfg = Release|Any CPU
		{CC9D1EA8-560A-456F-A53A-C69D4EB660D2}.Release|Any CPU.Build.0 = Release|Any CPU
	EndGlobalSection
EndGlobal
